{
  "nodes": {
    "flakelight": {
      "inputs": {
        "nixpkgs": [
          "nixpkgs"
        ]
      },
      "locked": {
        "lastModified": 1742820300,
        "narHash": "sha256-2nQkRoWxyvEhXJQRrX8HL38hjWu6Ra86Dpcl5L1YvCo=",
        "owner": "nix-community",
        "repo": "flakelight",
        "rev": "0c6e80f747d8324ddfbf9efc93d1e6d24f94477a",
        "type": "github"
      },
      "original": {
        "owner": "nix-community",
        "repo": "flakelight",
        "type": "github"
      }
    },
    "nixpkgs": {
      "locked": {
        "lastModified": 1743015256,
        "narHash": "sha256-xmtqEb/cX7kgEn/IL+zUSEZmlINEaoPsi5w7zqFWz3c=",
        "owner": "NixOS",
        "repo": "nixpkgs",
        "rev": "fac0e57889eca729082a3c14764e36d46f2008f9",
        "type": "github"
      },
      "original": {
        "owner": "NixOS",
        "ref": "release-24.11",
        "repo": "nixpkgs",
        "type": "github"
      }
    },
    "root": {
      "inputs": {
        "flakelight": "flakelight",
        "nixpkgs": "nixpkgs",
        "rust": "rust"
      }
    },
    "rust": {
      "inputs": {
        "nixpkgs": [
          "nixpkgs"
        ]
      },
      "locked": {
        "lastModified": 1742956365,
        "narHash": "sha256-Slrqmt6kJ/M7Z/ce4ebQWsz2aeEodrX56CsupOEPoz0=",
        "owner": "oxalica",
        "repo": "rust-overlay",
        "rev": "a0e3395c63cdbc9c1ec17915f8328c077c79c4a1",
        "type": "github"
      },
      "original": {
        "owner": "oxalica",
        "repo": "rust-overlay",
        "type": "github"
      }
    }
  },
  "root": "root",
  "version": 7
}
